
Microsoft Visual Studio Solution File, Format Version 12.00
# Visual Studio Version 17
VisualStudioVersion = 17.0.31903.59
MinimumVisualStudioVersion = 10.0.40219.1
Project("{FAE04EC0-301F-11D3-BF4B-00C04F79EFBC}") = "Octaryn.Engine.Api", "old-architecture\source\api\Octaryn.Engine.Api.csproj", "{B1E6055B-22D6-452B-9B92-E4EB0F61A184}"
EndProject
Project("{FAE04EC0-301F-11D3-BF4B-00C04F79EFBC}") = "Octaryn.Game", "octaryn-basegame\Octaryn.Game.csproj", "{0C068046-1121-4ABA-8B6C-A6218E5C4D87}"
EndProject
Global
	GlobalSection(SolutionConfigurationPlatforms) = preSolution
		Debug|Any CPU = Debug|Any CPU
		Debug|x64 = Debug|x64
		Debug|x86 = Debug|x86
		Release|Any CPU = Release|Any CPU
		Release|x64 = Release|x64
		Release|x86 = Release|x86
	EndGlobalSection
	GlobalSection(ProjectConfigurationPlatforms) = postSolution
		{B1E6055B-22D6-452B-9B92-E4EB0F61A184}.Debug|Any CPU.ActiveCfg = Debug|Any CPU
		{B1E6055B-22D6-452B-9B92-E4EB0F61A184}.Debug|Any CPU.Build.0 = Debug|Any CPU
		{B1E6055B-22D6-452B-9B92-E4EB0F61A184}.Debug|x64.ActiveCfg = Debug|Any CPU
		{B1E6055B-22D6-452B-9B92-E4EB0F61A184}.Debug|x64.Build.0 = Debug|Any CPU
		{B1E6055B-22D6-452B-9B92-E4EB0F61A184}.Debug|x86.ActiveCfg = Debug|Any CPU
		{B1E6055B-22D6-452B-9B92-E4EB0F61A184}.Debug|x86.Build.0 = Debug|Any CPU
		{B1E6055B-22D6-452B-9B92-E4EB0F61A184}.Release|Any CPU.ActiveCfg = Release|Any CPU
		{B1E6055B-22D6-452B-9B92-E4EB0F61A184}.Release|Any CPU.Build.0 = Release|Any CPU
		{B1E6055B-22D6-452B-9B92-E4EB0F61A184}.Release|x64.ActiveCfg = Release|Any CPU
		{B1E6055B-22D6-452B-9B92-E4EB0F61A184}.Release|x64.Build.0 = Release|Any CPU
		{B1E6055B-22D6-452B-9B92-E4EB0F61A184}.Release|x86.ActiveCfg = Release|Any CPU
		{B1E6055B-22D6-452B-9B92-E4EB0F61A184}.Release|x86.Build.0 = Release|Any CPU
		{0C068046-1121-4ABA-8B6C-A6218E5C4D87}.Debug|Any CPU.ActiveCfg = Debug|Any CPU
		{0C068046-1121-4ABA-8B6C-A6218E5C4D87}.Debug|Any CPU.Build.0 = Debug|Any CPU
		{0C068046-1121-4ABA-8B6C-A6218E5C4D87}.Debug|x64.ActiveCfg = Debug|Any CPU
		{0C068046-1121-4ABA-8B6C-A6218E5C4D87}.Debug|x64.Build.0 = Debug|Any CPU
		{0C068046-1121-4ABA-8B6C-A6218E5C4D87}.Debug|x86.ActiveCfg = Debug|Any CPU
		{0C068046-1121-4ABA-8B6C-A6218E5C4D87}.Debug|x86.Build.0 = Debug|Any CPU
		{0C068046-1121-4ABA-8B6C-A6218E5C4D87}.Release|Any CPU.ActiveCfg = Release|Any CPU
		{0C068046-1121-4ABA-8B6C-A6218E5C4D87}.Release|Any CPU.Build.0 = Release|Any CPU
		{0C068046-1121-4ABA-8B6C-A6218E5C4D87}.Release|x64.ActiveCfg = Release|Any CPU
		{0C068046-1121-4ABA-8B6C-A6218E5C4D87}.Release|x64.Build.0 = Release|Any CPU
		{0C068046-1121-4ABA-8B6C-A6218E5C4D87}.Release|x86.ActiveCfg = Release|Any CPU
		{0C068046-1121-4ABA-8B6C-A6218E5C4D87}.Release|x86.Build.0 = Release|Any CPU
	EndGlobalSection
	GlobalSection(SolutionProperties) = preSolution
		HideSolutionNode = FALSE
	EndGlobalSection
EndGlobal
