
Microsoft Visual Studio Solution File, Format Version 12.00
# Visual Studio Version 17
VisualStudioVersion = 17.0.31903.59
MinimumVisualStudioVersion = 10.0.40219.1
Project("{2150E333-8FDC-42A3-9474-1A3956D46DE8}") = "octaryn-shared", "octaryn-shared", "{97B9B4E1-1F5E-6329-89F9-4F5199531785}"
EndProject
Project("{FAE04EC0-301F-11D3-BF4B-00C04F79EFBC}") = "Octaryn.Shared", "octaryn-shared\Octaryn.Shared.csproj", "{5B04F3DB-1EBE-4A87-8CEC-B5FCB3580451}"
EndProject
Project("{2150E333-8FDC-42A3-9474-1A3956D46DE8}") = "octaryn-client", "octaryn-client", "{B1C765FB-A2F5-D5EE-51C7-39C7077ED668}"
EndProject
Project("{FAE04EC0-301F-11D3-BF4B-00C04F79EFBC}") = "Octaryn.Client", "octaryn-client\Octaryn.Client.csproj", "{52A929A6-F3DA-4DB5-8C17-EF4608D94CB6}"
EndProject
Project("{2150E333-8FDC-42A3-9474-1A3956D46DE8}") = "octaryn-server", "octaryn-server", "{EFC338F5-0892-B415-65C9-E34541F22960}"
EndProject
Project("{FAE04EC0-301F-11D3-BF4B-00C04F79EFBC}") = "Octaryn.Server", "octaryn-server\Octaryn.Server.csproj", "{43C78C3F-2D9D-4327-9848-01EA5B6791C9}"
EndProject
Project("{2150E333-8FDC-42A3-9474-1A3956D46DE8}") = "octaryn-basegame", "octaryn-basegame", "{EF905E1C-8016-9052-4F8E-D47638542552}"
EndProject
Project("{FAE04EC0-301F-11D3-BF4B-00C04F79EFBC}") = "Octaryn.Basegame", "octaryn-basegame\Octaryn.Basegame.csproj", "{167AE9EA-24EF-4B96-A6E1-151B311A3B2F}"
EndProject
Project("{2150E333-8FDC-42A3-9474-1A3956D46DE8}") = "tools", "tools", "{07C2787E-EAC7-C090-1BA3-A61EC2A24D84}"
EndProject
Project("{2150E333-8FDC-42A3-9474-1A3956D46DE8}") = "validation", "validation", "{F04F84C1-13F6-F916-788A-E1343F31DF73}"
EndProject
Project("{FAE04EC0-301F-11D3-BF4B-00C04F79EFBC}") = "Octaryn.ModuleApiProbe", "tools\validation\Octaryn.ModuleApiProbe\Octaryn.ModuleApiProbe.csproj", "{DA7FC0B5-AD96-456B-95A4-C4EDE6A325FD}"
EndProject
Project("{FAE04EC0-301F-11D3-BF4B-00C04F79EFBC}") = "Octaryn.ModuleManifestProbe", "tools\validation\Octaryn.ModuleManifestProbe\Octaryn.ModuleManifestProbe.csproj", "{6B3E0EC0-0BC2-46BB-AD93-A1D0B320A15C}"
EndProject
Project("{FAE04EC0-301F-11D3-BF4B-00C04F79EFBC}") = "Octaryn.OwnerModuleValidationProbe", "tools\validation\Octaryn.OwnerModuleValidationProbe\Octaryn.OwnerModuleValidationProbe.csproj", "{9EA09EEC-C3AD-41B5-B78A-D27C69469C8C}"
EndProject
Project("{FAE04EC0-301F-11D3-BF4B-00C04F79EFBC}") = "Octaryn.SchedulerProbe", "tools\validation\Octaryn.SchedulerProbe\Octaryn.SchedulerProbe.csproj", "{05CF9A31-3527-466D-B383-BE91D4095236}"
EndProject
Project("{FAE04EC0-301F-11D3-BF4B-00C04F79EFBC}") = "Octaryn.ModuleBinarySandboxProbe", "tools\validation\Octaryn.ModuleBinarySandboxProbe\Octaryn.ModuleBinarySandboxProbe.csproj", "{23F1588B-F05B-418C-B290-F5A756E73A0F}"
EndProject
Global
	GlobalSection(SolutionConfigurationPlatforms) = preSolution
		Debug|Any CPU = Debug|Any CPU
		Debug|x64 = Debug|x64
		Release|Any CPU = Release|Any CPU
		Release|x64 = Release|x64
	EndGlobalSection
	GlobalSection(ProjectConfigurationPlatforms) = postSolution
		{5B04F3DB-1EBE-4A87-8CEC-B5FCB3580451}.Debug|Any CPU.ActiveCfg = Debug|Any CPU
		{5B04F3DB-1EBE-4A87-8CEC-B5FCB3580451}.Debug|Any CPU.Build.0 = Debug|Any CPU
		{5B04F3DB-1EBE-4A87-8CEC-B5FCB3580451}.Debug|x64.ActiveCfg = Debug|Any CPU
		{5B04F3DB-1EBE-4A87-8CEC-B5FCB3580451}.Debug|x64.Build.0 = Debug|Any CPU
		{5B04F3DB-1EBE-4A87-8CEC-B5FCB3580451}.Release|Any CPU.ActiveCfg = Release|Any CPU
		{5B04F3DB-1EBE-4A87-8CEC-B5FCB3580451}.Release|Any CPU.Build.0 = Release|Any CPU
		{5B04F3DB-1EBE-4A87-8CEC-B5FCB3580451}.Release|x64.ActiveCfg = Release|Any CPU
		{5B04F3DB-1EBE-4A87-8CEC-B5FCB3580451}.Release|x64.Build.0 = Release|Any CPU
		{52A929A6-F3DA-4DB5-8C17-EF4608D94CB6}.Debug|Any CPU.ActiveCfg = Debug|Any CPU
		{52A929A6-F3DA-4DB5-8C17-EF4608D94CB6}.Debug|Any CPU.Build.0 = Debug|Any CPU
		{52A929A6-F3DA-4DB5-8C17-EF4608D94CB6}.Debug|x64.ActiveCfg = Debug|Any CPU
		{52A929A6-F3DA-4DB5-8C17-EF4608D94CB6}.Debug|x64.Build.0 = Debug|Any CPU
		{52A929A6-F3DA-4DB5-8C17-EF4608D94CB6}.Release|Any CPU.ActiveCfg = Release|Any CPU
		{52A929A6-F3DA-4DB5-8C17-EF4608D94CB6}.Release|Any CPU.Build.0 = Release|Any CPU
		{52A929A6-F3DA-4DB5-8C17-EF4608D94CB6}.Release|x64.ActiveCfg = Release|Any CPU
		{52A929A6-F3DA-4DB5-8C17-EF4608D94CB6}.Release|x64.Build.0 = Release|Any CPU
		{43C78C3F-2D9D-4327-9848-01EA5B6791C9}.Debug|Any CPU.ActiveCfg = Debug|Any CPU
		{43C78C3F-2D9D-4327-9848-01EA5B6791C9}.Debug|Any CPU.Build.0 = Debug|Any CPU
		{43C78C3F-2D9D-4327-9848-01EA5B6791C9}.Debug|x64.ActiveCfg = Debug|Any CPU
		{43C78C3F-2D9D-4327-9848-01EA5B6791C9}.Debug|x64.Build.0 = Debug|Any CPU
		{43C78C3F-2D9D-4327-9848-01EA5B6791C9}.Release|Any CPU.ActiveCfg = Release|Any CPU
		{43C78C3F-2D9D-4327-9848-01EA5B6791C9}.Release|Any CPU.Build.0 = Release|Any CPU
		{43C78C3F-2D9D-4327-9848-01EA5B6791C9}.Release|x64.ActiveCfg = Release|Any CPU
		{43C78C3F-2D9D-4327-9848-01EA5B6791C9}.Release|x64.Build.0 = Release|Any CPU
		{167AE9EA-24EF-4B96-A6E1-151B311A3B2F}.Debug|Any CPU.ActiveCfg = Debug|Any CPU
		{167AE9EA-24EF-4B96-A6E1-151B311A3B2F}.Debug|Any CPU.Build.0 = Debug|Any CPU
		{167AE9EA-24EF-4B96-A6E1-151B311A3B2F}.Debug|x64.ActiveCfg = Debug|Any CPU
		{167AE9EA-24EF-4B96-A6E1-151B311A3B2F}.Debug|x64.Build.0 = Debug|Any CPU
		{167AE9EA-24EF-4B96-A6E1-151B311A3B2F}.Release|Any CPU.ActiveCfg = Release|Any CPU
		{167AE9EA-24EF-4B96-A6E1-151B311A3B2F}.Release|Any CPU.Build.0 = Release|Any CPU
		{167AE9EA-24EF-4B96-A6E1-151B311A3B2F}.Release|x64.ActiveCfg = Release|Any CPU
		{167AE9EA-24EF-4B96-A6E1-151B311A3B2F}.Release|x64.Build.0 = Release|Any CPU
		{DA7FC0B5-AD96-456B-95A4-C4EDE6A325FD}.Debug|Any CPU.ActiveCfg = Debug|Any CPU
		{DA7FC0B5-AD96-456B-95A4-C4EDE6A325FD}.Debug|Any CPU.Build.0 = Debug|Any CPU
		{DA7FC0B5-AD96-456B-95A4-C4EDE6A325FD}.Debug|x64.ActiveCfg = Debug|Any CPU
		{DA7FC0B5-AD96-456B-95A4-C4EDE6A325FD}.Debug|x64.Build.0 = Debug|Any CPU
		{DA7FC0B5-AD96-456B-95A4-C4EDE6A325FD}.Release|Any CPU.ActiveCfg = Release|Any CPU
		{DA7FC0B5-AD96-456B-95A4-C4EDE6A325FD}.Release|Any CPU.Build.0 = Release|Any CPU
		{DA7FC0B5-AD96-456B-95A4-C4EDE6A325FD}.Release|x64.ActiveCfg = Release|Any CPU
		{DA7FC0B5-AD96-456B-95A4-C4EDE6A325FD}.Release|x64.Build.0 = Release|Any CPU
		{6B3E0EC0-0BC2-46BB-AD93-A1D0B320A15C}.Debug|Any CPU.ActiveCfg = Debug|Any CPU
		{6B3E0EC0-0BC2-46BB-AD93-A1D0B320A15C}.Debug|Any CPU.Build.0 = Debug|Any CPU
		{6B3E0EC0-0BC2-46BB-AD93-A1D0B320A15C}.Debug|x64.ActiveCfg = Debug|Any CPU
		{6B3E0EC0-0BC2-46BB-AD93-A1D0B320A15C}.Debug|x64.Build.0 = Debug|Any CPU
		{6B3E0EC0-0BC2-46BB-AD93-A1D0B320A15C}.Release|Any CPU.ActiveCfg = Release|Any CPU
		{6B3E0EC0-0BC2-46BB-AD93-A1D0B320A15C}.Release|Any CPU.Build.0 = Release|Any CPU
		{6B3E0EC0-0BC2-46BB-AD93-A1D0B320A15C}.Release|x64.ActiveCfg = Release|Any CPU
		{6B3E0EC0-0BC2-46BB-AD93-A1D0B320A15C}.Release|x64.Build.0 = Release|Any CPU
		{9EA09EEC-C3AD-41B5-B78A-D27C69469C8C}.Debug|Any CPU.ActiveCfg = Debug|Any CPU
		{9EA09EEC-C3AD-41B5-B78A-D27C69469C8C}.Debug|Any CPU.Build.0 = Debug|Any CPU
		{9EA09EEC-C3AD-41B5-B78A-D27C69469C8C}.Debug|x64.ActiveCfg = Debug|Any CPU
		{9EA09EEC-C3AD-41B5-B78A-D27C69469C8C}.Debug|x64.Build.0 = Debug|Any CPU
		{9EA09EEC-C3AD-41B5-B78A-D27C69469C8C}.Release|Any CPU.ActiveCfg = Release|Any CPU
		{9EA09EEC-C3AD-41B5-B78A-D27C69469C8C}.Release|Any CPU.Build.0 = Release|Any CPU
		{9EA09EEC-C3AD-41B5-B78A-D27C69469C8C}.Release|x64.ActiveCfg = Release|Any CPU
		{9EA09EEC-C3AD-41B5-B78A-D27C69469C8C}.Release|x64.Build.0 = Release|Any CPU
		{05CF9A31-3527-466D-B383-BE91D4095236}.Debug|Any CPU.ActiveCfg = Debug|Any CPU
		{05CF9A31-3527-466D-B383-BE91D4095236}.Debug|Any CPU.Build.0 = Debug|Any CPU
		{05CF9A31-3527-466D-B383-BE91D4095236}.Debug|x64.ActiveCfg = Debug|Any CPU
		{05CF9A31-3527-466D-B383-BE91D4095236}.Debug|x64.Build.0 = Debug|Any CPU
		{05CF9A31-3527-466D-B383-BE91D4095236}.Release|Any CPU.ActiveCfg = Release|Any CPU
		{05CF9A31-3527-466D-B383-BE91D4095236}.Release|Any CPU.Build.0 = Release|Any CPU
		{05CF9A31-3527-466D-B383-BE91D4095236}.Release|x64.ActiveCfg = Release|Any CPU
		{05CF9A31-3527-466D-B383-BE91D4095236}.Release|x64.Build.0 = Release|Any CPU
		{23F1588B-F05B-418C-B290-F5A756E73A0F}.Debug|Any CPU.ActiveCfg = Debug|Any CPU
		{23F1588B-F05B-418C-B290-F5A756E73A0F}.Debug|Any CPU.Build.0 = Debug|Any CPU
		{23F1588B-F05B-418C-B290-F5A756E73A0F}.Debug|x64.ActiveCfg = Debug|Any CPU
		{23F1588B-F05B-418C-B290-F5A756E73A0F}.Debug|x64.Build.0 = Debug|Any CPU
		{23F1588B-F05B-418C-B290-F5A756E73A0F}.Release|Any CPU.ActiveCfg = Release|Any CPU
		{23F1588B-F05B-418C-B290-F5A756E73A0F}.Release|Any CPU.Build.0 = Release|Any CPU
		{23F1588B-F05B-418C-B290-F5A756E73A0F}.Release|x64.ActiveCfg = Release|Any CPU
		{23F1588B-F05B-418C-B290-F5A756E73A0F}.Release|x64.Build.0 = Release|Any CPU
	EndGlobalSection
	GlobalSection(SolutionProperties) = preSolution
		HideSolutionNode = FALSE
	EndGlobalSection
	GlobalSection(NestedProjects) = preSolution
		{5B04F3DB-1EBE-4A87-8CEC-B5FCB3580451} = {97B9B4E1-1F5E-6329-89F9-4F5199531785}
		{52A929A6-F3DA-4DB5-8C17-EF4608D94CB6} = {B1C765FB-A2F5-D5EE-51C7-39C7077ED668}
		{43C78C3F-2D9D-4327-9848-01EA5B6791C9} = {EFC338F5-0892-B415-65C9-E34541F22960}
		{167AE9EA-24EF-4B96-A6E1-151B311A3B2F} = {EF905E1C-8016-9052-4F8E-D47638542552}
		{F04F84C1-13F6-F916-788A-E1343F31DF73} = {07C2787E-EAC7-C090-1BA3-A61EC2A24D84}
		{DA7FC0B5-AD96-456B-95A4-C4EDE6A325FD} = {F04F84C1-13F6-F916-788A-E1343F31DF73}
		{6B3E0EC0-0BC2-46BB-AD93-A1D0B320A15C} = {F04F84C1-13F6-F916-788A-E1343F31DF73}
		{9EA09EEC-C3AD-41B5-B78A-D27C69469C8C} = {F04F84C1-13F6-F916-788A-E1343F31DF73}
		{05CF9A31-3527-466D-B383-BE91D4095236} = {F04F84C1-13F6-F916-788A-E1343F31DF73}
		{23F1588B-F05B-418C-B290-F5A756E73A0F} = {F04F84C1-13F6-F916-788A-E1343F31DF73}
	EndGlobalSection
EndGlobal
